// !$*UTF8*$!
{
	archiveVersion = 1;
	classes = {
	};
	objectVersion = 48;
	objects = {

/* Begin PBXBuildFile section */
		500655EE2363955100C4A00C /* RecordsHeady.plist in Resources */ = {isa = PBXBuildFile; fileRef = 500655ED2363955000C4A00C /* RecordsHeady.plist */; };
		503205BD23711AE5001B2A5A /* Belbott0.ttf in Resources */ = {isa = PBXBuildFile; fileRef = 503205BC23711AE4001B2A5A /* Belbott0.ttf */; };
		503205BF23726381001B2A5A /* caseyjones_short.mp3 in Resources */ = {isa = PBXBuildFile; fileRef = 503205BE23726381001B2A5A /* caseyjones_short.mp3 */; };
		5096C62C25EC4F48001D7761 /* phish2.jpg in Resources */ = {isa = PBXBuildFile; fileRef = 5096C62B25EC4F48001D7761 /* phish2.jpg */; };
		5096C62F25EC522F001D7761 /* widespread_panic.jpg in Resources */ = {isa = PBXBuildFile; fileRef = 5096C62E25EC522F001D7761 /* widespread_panic.jpg */; };
		50AB481F255C959C006D1D5B /* grateful_dead.jpg in Resources */ = {isa = PBXBuildFile; fileRef = 50AB481E255C959B006D1D5B /* grateful_dead.jpg */; };
		D953D90F1FAD9C7600288DDF /* AppDelegate.swift in Sources */ = {isa = PBXBuildFile; fileRef = D953D90E1FAD9C7600288DDF /* AppDelegate.swift */; };
		D953D9111FAD9C7600288DDF /* ViewController.swift in Sources */ = {isa = PBXBuildFile; fileRef = D953D9101FAD9C7600288DDF /* ViewController.swift */; };
		D953D9161FAD9C7600288DDF /* Assets.xcassets in Resources */ = {isa = PBXBuildFile; fileRef = D953D9151FAD9C7600288DDF /* Assets.xcassets */; };
		D953D9191FAD9C7600288DDF /* LaunchScreen.storyboard in Resources */ = {isa = PBXBuildFile; fileRef = D953D9171FAD9C7600288DDF /* LaunchScreen.storyboard */; };
		D953D9211FAD9D2800288DDF /* QuizVC.swift in Sources */ = {isa = PBXBuildFile; fileRef = D953D9201FAD9D2800288DDF /* QuizVC.swift */; };
		D953D9231FAD9FC900288DDF /* QuizCVCell.swift in Sources */ = {isa = PBXBuildFile; fileRef = D953D9221FAD9FC900288DDF /* QuizCVCell.swift */; };
		D953D9251FADA20900288DDF /* ResultVC.swift in Sources */ = {isa = PBXBuildFile; fileRef = D953D9241FADA20900288DDF /* ResultVC.swift */; };
/* End PBXBuildFile section */

/* Begin PBXFileReference section */
		500655ED2363955000C4A00C /* RecordsHeady.plist */ = {isa = PBXFileReference; fileEncoding = 4; lastKnownFileType = text.plist.xml; path = RecordsHeady.plist; sourceTree = "<group>"; };
		503205BC23711AE4001B2A5A /* Belbott0.ttf */ = {isa = PBXFileReference; lastKnownFileType = file; path = Belbott0.ttf; sourceTree = "<group>"; };
		503205BE23726381001B2A5A /* caseyjones_short.mp3 */ = {isa = PBXFileReference; lastKnownFileType = audio.mp3; path = caseyjones_short.mp3; sourceTree = "<group>"; };
		5096C62B25EC4F48001D7761 /* phish2.jpg */ = {isa = PBXFileReference; lastKnownFileType = image.jpeg; name = phish2.jpg; path = images/phish2.jpg; sourceTree = "<group>"; };
		5096C62E25EC522F001D7761 /* widespread_panic.jpg */ = {isa = PBXFileReference; lastKnownFileType = image.jpeg; name = widespread_panic.jpg; path = images/widespread_panic.jpg; sourceTree = "<group>"; };
		50AB481E255C959B006D1D5B /* grateful_dead.jpg */ = {isa = PBXFileReference; lastKnownFileType = image.jpeg; name = grateful_dead.jpg; path = HeadyQuiz/images/grateful_dead.jpg; sourceTree = SOURCE_ROOT; };
		D953D90B1FAD9C7600288DDF /* HeadyQuiz.app */ = {isa = PBXFileReference; explicitFileType = wrapper.application; includeInIndex = 0; path = HeadyQuiz.app; sourceTree = BUILT_PRODUCTS_DIR; };
		D953D90E1FAD9C7600288DDF /* AppDelegate.swift */ = {isa = PBXFileReference; lastKnownFileType = sourcecode.swift; path = AppDelegate.swift; sourceTree = "<group>"; };
		D953D9101FAD9C7600288DDF /* ViewController.swift */ = {isa = PBXFileReference; lastKnownFileType = sourcecode.swift; path = ViewController.swift; sourceTree = "<group>"; };
		D953D9151FAD9C7600288DDF /* Assets.xcassets */ = {isa = PBXFileReference; lastKnownFileType = folder.assetcatalog; path = Assets.xcassets; sourceTree = "<group>"; };
		D953D9181FAD9C7600288DDF /* Base */ = {isa = PBXFileReference; lastKnownFileType = file.storyboard; name = Base; path = Base.lproj/LaunchScreen.storyboard; sourceTree = "<group>"; };
		D953D91A1FAD9C7600288DDF /* Info.plist */ = {isa = PBXFileReference; lastKnownFileType = text.plist.xml; path = Info.plist; sourceTree = "<group>"; };
		D953D9201FAD9D2800288DDF /* QuizVC.swift */ = {isa = PBXFileReference; lastKnownFileType = sourcecode.swift; path = QuizVC.swift; sourceTree = "<group>"; };
		D953D9221FAD9FC900288DDF /* QuizCVCell.swift */ = {isa = PBXFileReference; lastKnownFileType = sourcecode.swift; path = QuizCVCell.swift; sourceTree = "<group>"; };
		D953D9241FADA20900288DDF /* ResultVC.swift */ = {isa = PBXFileReference; lastKnownFileType = sourcecode.swift; path = ResultVC.swift; sourceTree = "<group>"; };
/* End PBXFileReference section */

/* Begin PBXFrameworksBuildPhase section */
		D953D9081FAD9C7600288DDF /* Frameworks */ = {
			isa = PBXFrameworksBuildPhase;
			buildActionMask = 2147483647;
			files = (
			);
			runOnlyForDeploymentPostprocessing = 0;
		};
/* End PBXFrameworksBuildPhase section */

/* Begin PBXGroup section */
		D953D9021FAD9C7600288DDF = {
			isa = PBXGroup;
			children = (
				D953D90D1FAD9C7600288DDF /* HeadyQuiz */,
				D953D90C1FAD9C7600288DDF /* Products */,
			);
			sourceTree = "<group>";
		};
		D953D90C1FAD9C7600288DDF /* Products */ = {
			isa = PBXGroup;
			children = (
				D953D90B1FAD9C7600288DDF /* HeadyQuiz.app */,
			);
			name = Products;
			sourceTree = "<group>";
		};
		D953D90D1FAD9C7600288DDF /* HeadyQuiz */ = {
			isa = PBXGroup;
			children = (
				503205BE23726381001B2A5A /* caseyjones_short.mp3 */,
				500655ED2363955000C4A00C /* RecordsHeady.plist */,
				D953D90E1FAD9C7600288DDF /* AppDelegate.swift */,
				D953D9101FAD9C7600288DDF /* ViewController.swift */,
				5096C62E25EC522F001D7761 /* widespread_panic.jpg */,
				50AB481E255C959B006D1D5B /* grateful_dead.jpg */,
				5096C62B25EC4F48001D7761 /* phish2.jpg */,
				D953D9201FAD9D2800288DDF /* QuizVC.swift */,
				D953D9221FAD9FC900288DDF /* QuizCVCell.swift */,
				D953D9241FADA20900288DDF /* ResultVC.swift */,
				D953D9151FAD9C7600288DDF /* Assets.xcassets */,
				D953D9171FAD9C7600288DDF /* LaunchScreen.storyboard */,
				D953D91A1FAD9C7600288DDF /* Info.plist */,
				503205BC23711AE4001B2A5A /* Belbott0.ttf */,
			);
			path = HeadyQuiz;
			sourceTree = "<group>";
		};
/* End PBXGroup section */

/* Begin PBXNativeTarget section */
		D953D90A1FAD9C7600288DDF /* HeadyQuiz */ = {
			isa = PBXNativeTarget;
			buildConfigurationList = D953D91D1FAD9C7600288DDF /* Build configuration list for PBXNativeTarget "HeadyQuiz" */;
			buildPhases = (
				D953D9071FAD9C7600288DDF /* Sources */,
				D953D9081FAD9C7600288DDF /* Frameworks */,
				D953D9091FAD9C7600288DDF /* Resources */,
			);
			buildRules = (
			);
			dependencies = (
			);
			name = HeadyQuiz;
			productName = HeadyQuiz;
			productReference = D953D90B1FAD9C7600288DDF /* HeadyQuiz.app */;
			productType = "com.apple.product-type.application";
		};
/* End PBXNativeTarget section */

/* Begin PBXProject section */
		D953D9031FAD9C7600288DDF /* Project object */ = {
			isa = PBXProject;
			attributes = {
				LastSwiftUpdateCheck = 0900;
				LastUpgradeCheck = 1210;
				ORGANIZATIONNAME = mwathen;
				TargetAttributes = {
					D953D90A1FAD9C7600288DDF = {
						CreatedOnToolsVersion = 9.0;
						LastSwiftMigration = 1120;
						ProvisioningStyle = Automatic;
					};
				};
			};
			buildConfigurationList = D953D9061FAD9C7600288DDF /* Build configuration list for PBXProject "HeadyQuiz" */;
			compatibilityVersion = "Xcode 8.0";
			developmentRegion = en;
			hasScannedForEncodings = 0;
			knownRegions = (
				en,
				Base,
			);
			mainGroup = D953D9021FAD9C7600288DDF;
			productRefGroup = D953D90C1FAD9C7600288DDF /* Products */;
			projectDirPath = "";
			projectRoot = "";
			targets = (
				D953D90A1FAD9C7600288DDF /* HeadyQuiz */,
			);
		};
/* End PBXProject section */

/* Begin PBXResourcesBuildPhase section */
		D953D9091FAD9C7600288DDF /* Resources */ = {
			isa = PBXResourcesBuildPhase;
			buildActionMask = 2147483647;
			files = (
				503205BD23711AE5001B2A5A /* Belbott0.ttf in Resources */,
				5096C62C25EC4F48001D7761 /* phish2.jpg in Resources */,
				D953D9191FAD9C7600288DDF /* LaunchScreen.storyboard in Resources */,
				50AB481F255C959C006D1D5B /* grateful_dead.jpg in Resources */,
				503205BF23726381001B2A5A /* caseyjones_short.mp3 in Resources */,
				5096C62F25EC522F001D7761 /* widespread_panic.jpg in Resources */,
				500655EE2363955100C4A00C /* RecordsHeady.plist in Resources */,
				D953D9161FAD9C7600288DDF /* Assets.xcassets in Resources */,
			);
			runOnlyForDeploymentPostprocessing = 0;
		};
/* End PBXResourcesBuildPhase section */

/* Begin PBXSourcesBuildPhase section */
		D953D9071FAD9C7600288DDF /* Sources */ = {
			isa = PBXSourcesBuildPhase;
			buildActionMask = 2147483647;
			files = (
				D953D9251FADA20900288DDF /* ResultVC.swift in Sources */,
				D953D9111FAD9C7600288DDF /* ViewController.swift in Sources */,
				D953D9231FAD9FC900288DDF /* QuizCVCell.swift in Sources */,
				D953D9211FAD9D2800288DDF /* QuizVC.swift in Sources */,
				D953D90F1FAD9C7600288DDF /* AppDelegate.swift in Sources */,
			);
			runOnlyForDeploymentPostprocessing = 0;
		};
/* End PBXSourcesBuildPhase section */

/* Begin PBXVariantGroup section */
		D953D9171FAD9C7600288DDF /* LaunchScreen.storyboard */ = {
			isa = PBXVariantGroup;
			children = (
				D953D9181FAD9C7600288DDF /* Base */,
			);
			name = LaunchScreen.storyboard;
			sourceTree = "<group>";
		};
/* End PBXVariantGroup section */

/* Begin XCBuildConfiguration section */
		D953D91B1FAD9C7600288DDF /* Debug */ = {
			isa = XCBuildConfiguration;
			buildSettings = {
				ALWAYS_SEARCH_USER_PATHS = NO;
				CLANG_ANALYZER_NONNULL = YES;
				CLANG_ANALYZER_NUMBER_OBJECT_CONVERSION = YES_AGGRESSIVE;
				CLANG_CXX_LANGUAGE_STANDARD = "gnu++14";
				CLANG_CXX_LIBRARY = "libc++";
				CLANG_ENABLE_MODULES = YES;
				CLANG_ENABLE_OBJC_ARC = YES;
				CLANG_WARN_BLOCK_CAPTURE_AUTORELEASING = YES;
				CLANG_WARN_BOOL_CONVERSION = YES;
				CLANG_WARN_COMMA = YES;
				CLANG_WARN_CONSTANT_CONVERSION = YES;
				CLANG_WARN_DEPRECATED_OBJC_IMPLEMENTATIONS = YES;
				CLANG_WARN_DIRECT_OBJC_ISA_USAGE = YES_ERROR;
				CLANG_WARN_DOCUMENTATION_COMMENTS = YES;
				CLANG_WARN_EMPTY_BODY = YES;
				CLANG_WARN_ENUM_CONVERSION = YES;
				CLANG_WARN_INFINITE_RECURSION = YES;
				CLANG_WARN_INT_CONVERSION = YES;
				CLANG_WARN_NON_LITERAL_NULL_CONVERSION = YES;
				CLANG_WARN_OBJC_IMPLICIT_RETAIN_SELF = YES;
				CLANG_WARN_OBJC_LITERAL_CONVERSION = YES;
				CLANG_WARN_OBJC_ROOT_CLASS = YES_ERROR;
				CLANG_WARN_QUOTED_INCLUDE_IN_FRAMEWORK_HEADER = YES;
				CLANG_WARN_RANGE_LOOP_ANALYSIS = YES;
				CLANG_WARN_STRICT_PROTOTYPES = YES;
				CLANG_WARN_SUSPICIOUS_MOVE = YES;
				CLANG_WARN_UNGUARDED_AVAILABILITY = YES_AGGRESSIVE;
				CLANG_WARN_UNREACHABLE_CODE = YES;
				CLANG_WARN__DUPLICATE_METHOD_MATCH = YES;
				CODE_SIGN_IDENTITY = "iPhone Developer";
				COPY_PHASE_STRIP = NO;
				DEBUG_INFORMATION_FORMAT = dwarf;
				ENABLE_STRICT_OBJC_MSGSEND = YES;
				ENABLE_TESTABILITY = YES;
				GCC_C_LANGUAGE_STANDARD = gnu11;
				GCC_DYNAMIC_NO_PIC = NO;
				GCC_NO_COMMON_BLOCKS = YES;
				GCC_OPTIMIZATION_LEVEL = 0;
				GCC_PREPROCESSOR_DEFINITIONS = (
					"DEBUG=1",
					"$(inherited)",
				);
				GCC_WARN_64_TO_32_BIT_CONVERSION = YES;
				GCC_WARN_ABOUT_RETURN_TYPE = YES_ERROR;
				GCC_WARN_UNDECLARED_SELECTOR = YES;
				GCC_WARN_UNINITIALIZED_AUTOS = YES_AGGRESSIVE;
				GCC_WARN_UNUSED_FUNCTION = YES;
				GCC_WARN_UNUSED_VARIABLE = YES;
				IPHONEOS_DEPLOYMENT_TARGET = 14.4;
				MTL_ENABLE_DEBUG_INFO = YES;
				ONLY_ACTIVE_ARCH = YES;
				SDKROOT = iphoneos;
				SWIFT_ACTIVE_COMPILATION_CONDITIONS = DEBUG;
				SWIFT_OPTIMIZATION_LEVEL = "-Onone";
			};
			name = Debug;
		};
		D953D91C1FAD9C7600288DDF /* Release */ = {
			isa = XCBuildConfiguration;
			buildSettings = {
				ALWAYS_SEARCH_USER_PATHS = NO;
				CLANG_ANALYZER_NONNULL = YES;
				CLANG_ANALYZER_NUMBER_OBJECT_CONVERSION = YES_AGGRESSIVE;
				CLANG_CXX_LANGUAGE_STANDARD = "gnu++14";
				CLANG_CXX_LIBRARY = "libc++";
				CLANG_ENABLE_MODULES = YES;
				CLANG_ENABLE_OBJC_ARC = YES;
				CLANG_WARN_BLOCK_CAPTURE_AUTORELEASING = YES;
				CLANG_WARN_BOOL_CONVERSION = YES;
				CLANG_WARN_COMMA = YES;
				CLANG_WARN_CONSTANT_CONVERSION = YES;
				CLANG_WARN_DEPRECATED_OBJC_IMPLEMENTATIONS = YES;
				CLANG_WARN_DIRECT_OBJC_ISA_USAGE = YES_ERROR;
				CLANG_WARN_DOCUMENTATION_COMMENTS = YES;
				CLANG_WARN_EMPTY_BODY = YES;
				CLANG_WARN_ENUM_CONVERSION = YES;
				CLANG_WARN_INFINITE_RECURSION = YES;
				CLANG_WARN_INT_CONVERSION = YES;
				CLANG_WARN_NON_LITERAL_NULL_CONVERSION = YES;
				CLANG_WARN_OBJC_IMPLICIT_RETAIN_SELF = YES;
				CLANG_WARN_OBJC_LITERAL_CONVERSION = YES;
				CLANG_WARN_OBJC_ROOT_CLASS = YES_ERROR;
				CLANG_WARN_QUOTED_INCLUDE_IN_FRAMEWORK_HEADER = YES;
				CLANG_WARN_RANGE_LOOP_ANALYSIS = YES;
				CLANG_WARN_STRICT_PROTOTYPES = YES;
				CLANG_WARN_SUSPICIOUS_MOVE = YES;
				CLANG_WARN_UNGUARDED_AVAILABILITY = YES_AGGRESSIVE;
				CLANG_WARN_UNREACHABLE_CODE = YES;
				CLANG_WARN__DUPLICATE_METHOD_MATCH = YES;
				CODE_SIGN_IDENTITY = "iPhone Developer";
				COPY_PHASE_STRIP = NO;
				DEBUG_INFORMATION_FORMAT = "dwarf-with-dsym";
				ENABLE_NS_ASSERTIONS = NO;
				ENABLE_STRICT_OBJC_MSGSEND = YES;
				GCC_C_LANGUAGE_STANDARD = gnu11;
				GCC_NO_COMMON_BLOCKS = YES;
				GCC_WARN_64_TO_32_BIT_CONVERSION = YES;
				GCC_WARN_ABOUT_RETURN_TYPE = YES_ERROR;
				GCC_WARN_UNDECLARED_SELECTOR = YES;
				GCC_WARN_UNINITIALIZED_AUTOS = YES_AGGRESSIVE;
				GCC_WARN_UNUSED_FUNCTION = YES;
				GCC_WARN_UNUSED_VARIABLE = YES;
				IPHONEOS_DEPLOYMENT_TARGET = 14.4;
				MTL_ENABLE_DEBUG_INFO = NO;
				SDKROOT = iphoneos;
				SWIFT_OPTIMIZATION_LEVEL = "-Owholemodule";
				VALIDATE_PRODUCT = YES;
			};
			name = Release;
		};
		D953D91E1FAD9C7600288DDF /* Debug */ = {
			isa = XCBuildConfiguration;
			buildSettings = {
				ASSETCATALOG_COMPILER_APPICON_NAME = AppIcon;
				CODE_SIGN_STYLE = Automatic;
				DEVELOPMENT_TEAM = 6P97WW4QGA;
				INFOPLIST_FILE = HeadyQuiz/Info.plist;
				LD_RUNPATH_SEARCH_PATHS = "$(inherited) @executable_path/Frameworks";
				PRODUCT_BUNDLE_IDENTIFIER = com.mikewath.HeadyQuiz;
				PRODUCT_NAME = HeadyQuiz;
				SWIFT_VERSION = 5.0;
				TARGETED_DEVICE_FAMILY = "1,2";
			};
			name = Debug;
		};
		D953D91F1FAD9C7600288DDF /* Release */ = {
			isa = XCBuildConfiguration;
			buildSettings = {
				ASSETCATALOG_COMPILER_APPICON_NAME = AppIcon;
				CODE_SIGN_STYLE = Automatic;
				DEVELOPMENT_TEAM = 6P97WW4QGA;
				INFOPLIST_FILE = HeadyQuiz/Info.plist;
				LD_RUNPATH_SEARCH_PATHS = "$(inherited) @executable_path/Frameworks";
				PRODUCT_BUNDLE_IDENTIFIER = com.mikewath.HeadyQuiz;
				PRODUCT_NAME = HeadyQuiz;
				SWIFT_VERSION = 5.0;
				TARGETED_DEVICE_FAMILY = "1,2";
			};
			name = Release;
		};
/* End XCBuildConfiguration section */

/* Begin XCConfigurationList section */
		D953D9061FAD9C7600288DDF /* Build configuration list for PBXProject "HeadyQuiz" */ = {
			isa = XCConfigurationList;
			buildConfigurations = (
				D953D91B1FAD9C7600288DDF /* Debug */,
				D953D91C1FAD9C7600288DDF /* Release */,
			);
			defaultConfigurationIsVisible = 0;
			defaultConfigurationName = Release;
		};
		D953D91D1FAD9C7600288DDF /* Build configuration list for PBXNativeTarget "HeadyQuiz" */ = {
			isa = XCConfigurationList;
			buildConfigurations = (
				D953D91E1FAD9C7600288DDF /* Debug */,
				D953D91F1FAD9C7600288DDF /* Release */,
			);
			defaultConfigurationIsVisible = 0;
			defaultConfigurationName = Release;
		};
/* End XCConfigurationList section */
	};
	rootObject = D953D9031FAD9C7600288DDF /* Project object */;
}
